
Microsoft Visual Studio Solution File, Format Version 12.00
# Visual Studio Version 17
VisualStudioVersion = 17.8.34309.116
MinimumVisualStudioVersion = 10.0.40219.1
Project("{FAE04EC0-301F-11D3-BF4B-00C04F79EFBC}") = "Infrastructure", "Infrastructure\Infrastructure.csproj", "{CA82A877-C044-48EB-A89E-8F0D4D911504}"
EndProject
Project("{FAE04EC0-301F-11D3-BF4B-00C04F79EFBC}") = "Presentation.ConsoleApp", "Presentation.ConsoleApp\Presentation.ConsoleApp.csproj", "{5F2D75F3-886B-4218-878A-4688587FF08D}"
EndProject
Global
	GlobalSection(SolutionConfigurationPlatforms) = preSolution
		Debug|Any CPU = Debug|Any CPU
		Release|Any CPU = Release|Any CPU
	EndGlobalSection
	GlobalSection(ProjectConfigurationPlatforms) = postSolution
		{CA82A877-C044-48EB-A89E-8F0D4D911504}.Debug|Any CPU.ActiveCfg = Debug|Any CPU
		{CA82A877-C044-48EB-A89E-8F0D4D911504}.Debug|Any CPU.Build.0 = Debug|Any CPU
		{CA82A877-C044-48EB-A89E-8F0D4D911504}.Release|Any CPU.ActiveCfg = Release|Any CPU
		{CA82A877-C044-48EB-A89E-8F0D4D911504}.Release|Any CPU.Build.0 = Release|Any CPU
		{5F2D75F3-886B-4218-878A-4688587FF08D}.Debug|Any CPU.ActiveCfg = Debug|Any CPU
		{5F2D75F3-886B-4218-878A-4688587FF08D}.Debug|Any CPU.Build.0 = Debug|Any CPU
		{5F2D75F3-886B-4218-878A-4688587FF08D}.Release|Any CPU.ActiveCfg = Release|Any CPU
		{5F2D75F3-886B-4218-878A-4688587FF08D}.Release|Any CPU.Build.0 = Release|Any CPU
	EndGlobalSection
	GlobalSection(SolutionProperties) = preSolution
		HideSolutionNode = FALSE
	EndGlobalSection
	GlobalSection(ExtensibilityGlobals) = postSolution
		SolutionGuid = {BFFEAB7F-6D8D-4768-8B50-6A26D166966D}
	EndGlobalSection
EndGlobal
